// !$*UTF8*$!
{
	archiveVersion = 1;
	classes = {
	};
	objectVersion = 50;
	objects = {

/* Begin PBXBuildFile section */
		454C87EF24BAE8330072ECB1 /* Model.swift in Sources */ = {isa = PBXBuildFile; fileRef = 454C87EE24BAE8330072ECB1 /* Model.swift */; };
		454C87F124BAED4C0072ECB1 /* NetworkManager.swift in Sources */ = {isa = PBXBuildFile; fileRef = 454C87F024BAED4C0072ECB1 /* NetworkManager.swift */; };
		454C87F324BAF25B0072ECB1 /* RoutesService.swift in Sources */ = {isa = PBXBuildFile; fileRef = 454C87F224BAF25B0072ECB1 /* RoutesService.swift */; };
		454C87F524BAF3BA0072ECB1 /* RoutesViewModel.swift in Sources */ = {isa = PBXBuildFile; fileRef = 454C87F424BAF3BA0072ECB1 /* RoutesViewModel.swift */; };
		45CACFB924B87F07006AFCF3 /* AppDelegate.swift in Sources */ = {isa = PBXBuildFile; fileRef = 45CACFB824B87F07006AFCF3 /* AppDelegate.swift */; };
		45CACFBB24B87F07006AFCF3 /* SceneDelegate.swift in Sources */ = {isa = PBXBuildFile; fileRef = 45CACFBA24B87F07006AFCF3 /* SceneDelegate.swift */; };
		45CACFBD24B87F07006AFCF3 /* ContentView.swift in Sources */ = {isa = PBXBuildFile; fileRef = 45CACFBC24B87F07006AFCF3 /* ContentView.swift */; };
		45CACFBF24B87F08006AFCF3 /* Assets.xcassets in Resources */ = {isa = PBXBuildFile; fileRef = 45CACFBE24B87F08006AFCF3 /* Assets.xcassets */; };
		45CACFC224B87F08006AFCF3 /* Preview Assets.xcassets in Resources */ = {isa = PBXBuildFile; fileRef = 45CACFC124B87F08006AFCF3 /* Preview Assets.xcassets */; };
		45CACFC524B87F08006AFCF3 /* LaunchScreen.storyboard in Resources */ = {isa = PBXBuildFile; fileRef = 45CACFC324B87F08006AFCF3 /* LaunchScreen.storyboard */; };
/* End PBXBuildFile section */

/* Begin PBXFileReference section */
		454C87EE24BAE8330072ECB1 /* Model.swift */ = {isa = PBXFileReference; lastKnownFileType = sourcecode.swift; path = Model.swift; sourceTree = "<group>"; };
		454C87F024BAED4C0072ECB1 /* NetworkManager.swift */ = {isa = PBXFileReference; lastKnownFileType = sourcecode.swift; path = NetworkManager.swift; sourceTree = "<group>"; };
		454C87F224BAF25B0072ECB1 /* RoutesService.swift */ = {isa = PBXFileReference; lastKnownFileType = sourcecode.swift; path = RoutesService.swift; sourceTree = "<group>"; };
		454C87F424BAF3BA0072ECB1 /* RoutesViewModel.swift */ = {isa = PBXFileReference; lastKnownFileType = sourcecode.swift; path = RoutesViewModel.swift; sourceTree = "<group>"; };
		45CACFB524B87F07006AFCF3 /* Bus Buddy.app */ = {isa = PBXFileReference; explicitFileType = wrapper.application; includeInIndex = 0; path = "Bus Buddy.app"; sourceTree = BUILT_PRODUCTS_DIR; };
		45CACFB824B87F07006AFCF3 /* AppDelegate.swift */ = {isa = PBXFileReference; lastKnownFileType = sourcecode.swift; path = AppDelegate.swift; sourceTree = "<group>"; };
		45CACFBA24B87F07006AFCF3 /* SceneDelegate.swift */ = {isa = PBXFileReference; lastKnownFileType = sourcecode.swift; path = SceneDelegate.swift; sourceTree = "<group>"; };
		45CACFBC24B87F07006AFCF3 /* ContentView.swift */ = {isa = PBXFileReference; lastKnownFileType = sourcecode.swift; path = ContentView.swift; sourceTree = "<group>"; };
		45CACFBE24B87F08006AFCF3 /* Assets.xcassets */ = {isa = PBXFileReference; lastKnownFileType = folder.assetcatalog; path = Assets.xcassets; sourceTree = "<group>"; };
		45CACFC124B87F08006AFCF3 /* Preview Assets.xcassets */ = {isa = PBXFileReference; lastKnownFileType = folder.assetcatalog; path = "Preview Assets.xcassets"; sourceTree = "<group>"; };
		45CACFC424B87F08006AFCF3 /* Base */ = {isa = PBXFileReference; lastKnownFileType = file.storyboard; name = Base; path = Base.lproj/LaunchScreen.storyboard; sourceTree = "<group>"; };
		45CACFC624B87F08006AFCF3 /* Info.plist */ = {isa = PBXFileReference; lastKnownFileType = text.plist.xml; path = Info.plist; sourceTree = "<group>"; };
/* End PBXFileReference section */

/* Begin PBXFrameworksBuildPhase section */
		45CACFB224B87F07006AFCF3 /* Frameworks */ = {
			isa = PBXFrameworksBuildPhase;
			buildActionMask = 2147483647;
			files = (
			);
			runOnlyForDeploymentPostprocessing = 0;
		};
/* End PBXFrameworksBuildPhase section */

/* Begin PBXGroup section */
		454C87EC24BAE8120072ECB1 /* Models */ = {
			isa = PBXGroup;
			children = (
				454C87EE24BAE8330072ECB1 /* Model.swift */,
			);
			path = Models;
			sourceTree = "<group>";
		};
		454C87ED24BAE8210072ECB1 /* Utilities */ = {
			isa = PBXGroup;
			children = (
				454C87F024BAED4C0072ECB1 /* NetworkManager.swift */,
				454C87F224BAF25B0072ECB1 /* RoutesService.swift */,
			);
			path = Utilities;
			sourceTree = "<group>";
		};
		45CACFAC24B87F07006AFCF3 = {
			isa = PBXGroup;
			children = (
				45CACFB724B87F07006AFCF3 /* Bus Buddy */,
				45CACFB624B87F07006AFCF3 /* Products */,
			);
			sourceTree = "<group>";
		};
		45CACFB624B87F07006AFCF3 /* Products */ = {
			isa = PBXGroup;
			children = (
				45CACFB524B87F07006AFCF3 /* Bus Buddy.app */,
			);
			name = Products;
			sourceTree = "<group>";
		};
		45CACFB724B87F07006AFCF3 /* Bus Buddy */ = {
			isa = PBXGroup;
			children = (
				454C87ED24BAE8210072ECB1 /* Utilities */,
				454C87EC24BAE8120072ECB1 /* Models */,
				45CACFB824B87F07006AFCF3 /* AppDelegate.swift */,
				454C87F424BAF3BA0072ECB1 /* RoutesViewModel.swift */,
				45CACFBA24B87F07006AFCF3 /* SceneDelegate.swift */,
				45CACFBC24B87F07006AFCF3 /* ContentView.swift */,
				45CACFBE24B87F08006AFCF3 /* Assets.xcassets */,
				45CACFC324B87F08006AFCF3 /* LaunchScreen.storyboard */,
				45CACFC624B87F08006AFCF3 /* Info.plist */,
				45CACFC024B87F08006AFCF3 /* Preview Content */,
			);
			path = "Bus Buddy";
			sourceTree = "<group>";
		};
		45CACFC024B87F08006AFCF3 /* Preview Content */ = {
			isa = PBXGroup;
			children = (
				45CACFC124B87F08006AFCF3 /* Preview Assets.xcassets */,
			);
			path = "Preview Content";
			sourceTree = "<group>";
		};
/* End PBXGroup section */

/* Begin PBXNativeTarget section */
		45CACFB424B87F07006AFCF3 /* Bus Buddy */ = {
			isa = PBXNativeTarget;
			buildConfigurationList = 45CACFC924B87F08006AFCF3 /* Build configuration list for PBXNativeTarget "Bus Buddy" */;
			buildPhases = (
				45CACFB124B87F07006AFCF3 /* Sources */,
				45CACFB224B87F07006AFCF3 /* Frameworks */,
				45CACFB324B87F07006AFCF3 /* Resources */,
			);
			buildRules = (
			);
			dependencies = (
			);
			name = "Bus Buddy";
			productName = "Bus Buddy";
			productReference = 45CACFB524B87F07006AFCF3 /* Bus Buddy.app */;
			productType = "com.apple.product-type.application";
		};
/* End PBXNativeTarget section */

/* Begin PBXProject section */
		45CACFAD24B87F07006AFCF3 /* Project object */ = {
			isa = PBXProject;
			attributes = {
				LastSwiftUpdateCheck = 1150;
				LastUpgradeCheck = 1150;
				ORGANIZATIONNAME = itemic;
				TargetAttributes = {
					45CACFB424B87F07006AFCF3 = {
						CreatedOnToolsVersion = 11.5;
					};
				};
			};
			buildConfigurationList = 45CACFB024B87F07006AFCF3 /* Build configuration list for PBXProject "Bus Buddy" */;
			compatibilityVersion = "Xcode 9.3";
			developmentRegion = en;
			hasScannedForEncodings = 0;
			knownRegions = (
				en,
				Base,
			);
			mainGroup = 45CACFAC24B87F07006AFCF3;
			productRefGroup = 45CACFB624B87F07006AFCF3 /* Products */;
			projectDirPath = "";
			projectRoot = "";
			targets = (
				45CACFB424B87F07006AFCF3 /* Bus Buddy */,
			);
		};
/* End PBXProject section */

/* Begin PBXResourcesBuildPhase section */
		45CACFB324B87F07006AFCF3 /* Resources */ = {
			isa = PBXResourcesBuildPhase;
			buildActionMask = 2147483647;
			files = (
				45CACFC524B87F08006AFCF3 /* LaunchScreen.storyboard in Resources */,
				45CACFC224B87F08006AFCF3 /* Preview Assets.xcassets in Resources */,
				45CACFBF24B87F08006AFCF3 /* Assets.xcassets in Resources */,
			);
			runOnlyForDeploymentPostprocessing = 0;
		};
/* End PBXResourcesBuildPhase section */

/* Begin PBXSourcesBuildPhase section */
		45CACFB124B87F07006AFCF3 /* Sources */ = {
			isa = PBXSourcesBuildPhase;
			buildActionMask = 2147483647;
			files = (
				45CACFB924B87F07006AFCF3 /* AppDelegate.swift in Sources */,
				454C87F324BAF25B0072ECB1 /* RoutesService.swift in Sources */,
				45CACFBB24B87F07006AFCF3 /* SceneDelegate.swift in Sources */,
				454C87F124BAED4C0072ECB1 /* NetworkManager.swift in Sources */,
				45CACFBD24B87F07006AFCF3 /* ContentView.swift in Sources */,
				454C87EF24BAE8330072ECB1 /* Model.swift in Sources */,
				454C87F524BAF3BA0072ECB1 /* RoutesViewModel.swift in Sources */,
			);
			runOnlyForDeploymentPostprocessing = 0;
		};
/* End PBXSourcesBuildPhase section */

/* Begin PBXVariantGroup section */
		45CACFC324B87F08006AFCF3 /* LaunchScreen.storyboard */ = {
			isa = PBXVariantGroup;
			children = (
				45CACFC424B87F08006AFCF3 /* Base */,
			);
			name = LaunchScreen.storyboard;
			sourceTree = "<group>";
		};
/* End PBXVariantGroup section */

/* Begin XCBuildConfiguration section */
		45CACFC724B87F08006AFCF3 /* Debug */ = {
			isa = XCBuildConfiguration;
			buildSettings = {
				ALWAYS_SEARCH_USER_PATHS = NO;
				CLANG_ANALYZER_NONNULL = YES;
				CLANG_ANALYZER_NUMBER_OBJECT_CONVERSION = YES_AGGRESSIVE;
				CLANG_CXX_LANGUAGE_STANDARD = "gnu++14";
				CLANG_CXX_LIBRARY = "libc++";
				CLANG_ENABLE_MODULES = YES;
				CLANG_ENABLE_OBJC_ARC = YES;
				CLANG_ENABLE_OBJC_WEAK = YES;
				CLANG_WARN_BLOCK_CAPTURE_AUTORELEASING = YES;
				CLANG_WARN_BOOL_CONVERSION = YES;
				CLANG_WARN_COMMA = YES;
				CLANG_WARN_CONSTANT_CONVERSION = YES;
				CLANG_WARN_DEPRECATED_OBJC_IMPLEMENTATIONS = YES;
				CLANG_WARN_DIRECT_OBJC_ISA_USAGE = YES_ERROR;
				CLANG_WARN_DOCUMENTATION_COMMENTS = YES;
				CLANG_WARN_EMPTY_BODY = YES;
				CLANG_WARN_ENUM_CONVERSION = YES;
				CLANG_WARN_INFINITE_RECURSION = YES;
				CLANG_WARN_INT_CONVERSION = YES;
				CLANG_WARN_NON_LITERAL_NULL_CONVERSION = YES;
				CLANG_WARN_OBJC_IMPLICIT_RETAIN_SELF = YES;
				CLANG_WARN_OBJC_LITERAL_CONVERSION = YES;
				CLANG_WARN_OBJC_ROOT_CLASS = YES_ERROR;
				CLANG_WARN_RANGE_LOOP_ANALYSIS = YES;
				CLANG_WARN_STRICT_PROTOTYPES = YES;
				CLANG_WARN_SUSPICIOUS_MOVE = YES;
				CLANG_WARN_UNGUARDED_AVAILABILITY = YES_AGGRESSIVE;
				CLANG_WARN_UNREACHABLE_CODE = YES;
				CLANG_WARN__DUPLICATE_METHOD_MATCH = YES;
				COPY_PHASE_STRIP = NO;
				DEBUG_INFORMATION_FORMAT = dwarf;
				ENABLE_STRICT_OBJC_MSGSEND = YES;
				ENABLE_TESTABILITY = YES;
				GCC_C_LANGUAGE_STANDARD = gnu11;
				GCC_DYNAMIC_NO_PIC = NO;
				GCC_NO_COMMON_BLOCKS = YES;
				GCC_OPTIMIZATION_LEVEL = 0;
				GCC_PREPROCESSOR_DEFINITIONS = (
					"DEBUG=1",
					"$(inherited)",
				);
				GCC_WARN_64_TO_32_BIT_CONVERSION = YES;
				GCC_WARN_ABOUT_RETURN_TYPE = YES_ERROR;
				GCC_WARN_UNDECLARED_SELECTOR = YES;
				GCC_WARN_UNINITIALIZED_AUTOS = YES_AGGRESSIVE;
				GCC_WARN_UNUSED_FUNCTION = YES;
				GCC_WARN_UNUSED_VARIABLE = YES;
				IPHONEOS_DEPLOYMENT_TARGET = 13.5;
				MTL_ENABLE_DEBUG_INFO = INCLUDE_SOURCE;
				MTL_FAST_MATH = YES;
				ONLY_ACTIVE_ARCH = YES;
				SDKROOT = iphoneos;
				SWIFT_ACTIVE_COMPILATION_CONDITIONS = DEBUG;
				SWIFT_OPTIMIZATION_LEVEL = "-Onone";
			};
			name = Debug;
		};
		45CACFC824B87F08006AFCF3 /* Release */ = {
			isa = XCBuildConfiguration;
			buildSettings = {
				ALWAYS_SEARCH_USER_PATHS = NO;
				CLANG_ANALYZER_NONNULL = YES;
				CLANG_ANALYZER_NUMBER_OBJECT_CONVERSION = YES_AGGRESSIVE;
				CLANG_CXX_LANGUAGE_STANDARD = "gnu++14";
				CLANG_CXX_LIBRARY = "libc++";
				CLANG_ENABLE_MODULES = YES;
				CLANG_ENABLE_OBJC_ARC = YES;
				CLANG_ENABLE_OBJC_WEAK = YES;
				CLANG_WARN_BLOCK_CAPTURE_AUTORELEASING = YES;
				CLANG_WARN_BOOL_CONVERSION = YES;
				CLANG_WARN_COMMA = YES;
				CLANG_WARN_CONSTANT_CONVERSION = YES;
				CLANG_WARN_DEPRECATED_OBJC_IMPLEMENTATIONS = YES;
				CLANG_WARN_DIRECT_OBJC_ISA_USAGE = YES_ERROR;
				CLANG_WARN_DOCUMENTATION_COMMENTS = YES;
				CLANG_WARN_EMPTY_BODY = YES;
				CLANG_WARN_ENUM_CONVERSION = YES;
				CLANG_WARN_INFINITE_RECURSION = YES;
				CLANG_WARN_INT_CONVERSION = YES;
				CLANG_WARN_NON_LITERAL_NULL_CONVERSION = YES;
				CLANG_WARN_OBJC_IMPLICIT_RETAIN_SELF = YES;
				CLANG_WARN_OBJC_LITERAL_CONVERSION = YES;
				CLANG_WARN_OBJC_ROOT_CLASS = YES_ERROR;
				CLANG_WARN_RANGE_LOOP_ANALYSIS = YES;
				CLANG_WARN_STRICT_PROTOTYPES = YES;
				CLANG_WARN_SUSPICIOUS_MOVE = YES;
				CLANG_WARN_UNGUARDED_AVAILABILITY = YES_AGGRESSIVE;
				CLANG_WARN_UNREACHABLE_CODE = YES;
				CLANG_WARN__DUPLICATE_METHOD_MATCH = YES;
				COPY_PHASE_STRIP = NO;
				DEBUG_INFORMATION_FORMAT = "dwarf-with-dsym";
				ENABLE_NS_ASSERTIONS = NO;
				ENABLE_STRICT_OBJC_MSGSEND = YES;
				GCC_C_LANGUAGE_STANDARD = gnu11;
				GCC_NO_COMMON_BLOCKS = YES;
				GCC_WARN_64_TO_32_BIT_CONVERSION = YES;
				GCC_WARN_ABOUT_RETURN_TYPE = YES_ERROR;
				GCC_WARN_UNDECLARED_SELECTOR = YES;
				GCC_WARN_UNINITIALIZED_AUTOS = YES_AGGRESSIVE;
				GCC_WARN_UNUSED_FUNCTION = YES;
				GCC_WARN_UNUSED_VARIABLE = YES;
				IPHONEOS_DEPLOYMENT_TARGET = 13.5;
				MTL_ENABLE_DEBUG_INFO = NO;
				MTL_FAST_MATH = YES;
				SDKROOT = iphoneos;
				SWIFT_COMPILATION_MODE = wholemodule;
				SWIFT_OPTIMIZATION_LEVEL = "-O";
				VALIDATE_PRODUCT = YES;
			};
			name = Release;
		};
		45CACFCA24B87F08006AFCF3 /* Debug */ = {
			isa = XCBuildConfiguration;
			buildSettings = {
				ASSETCATALOG_COMPILER_APPICON_NAME = AppIcon;
				CODE_SIGN_STYLE = Automatic;
				DEVELOPMENT_ASSET_PATHS = "\"Bus Buddy/Preview Content\"";
				DEVELOPMENT_TEAM = 58QL7E6Z98;
				ENABLE_PREVIEWS = YES;
				INFOPLIST_FILE = "Bus Buddy/Info.plist";
				LD_RUNPATH_SEARCH_PATHS = (
					"$(inherited)",
					"@executable_path/Frameworks",
				);
				PRODUCT_BUNDLE_IDENTIFIER = "itemic.Bus-Buddy";
				PRODUCT_NAME = "$(TARGET_NAME)";
				SWIFT_VERSION = 5.0;
				TARGETED_DEVICE_FAMILY = "1,2";
			};
			name = Debug;
		};
		45CACFCB24B87F08006AFCF3 /* Release */ = {
			isa = XCBuildConfiguration;
			buildSettings = {
				ASSETCATALOG_COMPILER_APPICON_NAME = AppIcon;
				CODE_SIGN_STYLE = Automatic;
				DEVELOPMENT_ASSET_PATHS = "\"Bus Buddy/Preview Content\"";
				DEVELOPMENT_TEAM = 58QL7E6Z98;
				ENABLE_PREVIEWS = YES;
				INFOPLIST_FILE = "Bus Buddy/Info.plist";
				LD_RUNPATH_SEARCH_PATHS = (
					"$(inherited)",
					"@executable_path/Frameworks",
				);
				PRODUCT_BUNDLE_IDENTIFIER = "itemic.Bus-Buddy";
				PRODUCT_NAME = "$(TARGET_NAME)";
				SWIFT_VERSION = 5.0;
				TARGETED_DEVICE_FAMILY = "1,2";
			};
			name = Release;
		};
/* End XCBuildConfiguration section */

/* Begin XCConfigurationList section */
		45CACFB024B87F07006AFCF3 /* Build configuration list for PBXProject "Bus Buddy" */ = {
			isa = XCConfigurationList;
			buildConfigurations = (
				45CACFC724B87F08006AFCF3 /* Debug */,
				45CACFC824B87F08006AFCF3 /* Release */,
			);
			defaultConfigurationIsVisible = 0;
			defaultConfigurationName = Release;
		};
		45CACFC924B87F08006AFCF3 /* Build configuration list for PBXNativeTarget "Bus Buddy" */ = {
			isa = XCConfigurationList;
			buildConfigurations = (
				45CACFCA24B87F08006AFCF3 /* Debug */,
				45CACFCB24B87F08006AFCF3 /* Release */,
			);
			defaultConfigurationIsVisible = 0;
			defaultConfigurationName = Release;
		};
/* End XCConfigurationList section */
	};
	rootObject = 45CACFAD24B87F07006AFCF3 /* Project object */;
}
